
Microsoft Visual Studio Solution File, Format Version 12.00
# Visual Studio Version 17
VisualStudioVersion = 17.5.002.0
MinimumVisualStudioVersion = 10.0.40219.1
Project("{9A19103F-16F7-4668-BE54-9A1E7A4F7556}") = "learn-csharp", "learn-csharp.csproj", "{3B975FA5-2F67-4157-A5FE-7B6A982365E5}"
EndProject
Global
	GlobalSection(SolutionConfigurationPlatforms) = preSolution
		Debug|Any CPU = Debug|Any CPU
		Release|Any CPU = Release|Any CPU
	EndGlobalSection
	GlobalSection(ProjectConfigurationPlatforms) = postSolution
		{3B975FA5-2F67-4157-A5FE-7B6A982365E5}.Debug|Any CPU.ActiveCfg = Debug|Any CPU
		{3B975FA5-2F67-4157-A5FE-7B6A982365E5}.Debug|Any CPU.Build.0 = Debug|Any CPU
		{3B975FA5-2F67-4157-A5FE-7B6A982365E5}.Release|Any CPU.ActiveCfg = Release|Any CPU
		{3B975FA5-2F67-4157-A5FE-7B6A982365E5}.Release|Any CPU.Build.0 = Release|Any CPU
	EndGlobalSection
	GlobalSection(SolutionProperties) = preSolution
		HideSolutionNode = FALSE
	EndGlobalSection
	GlobalSection(ExtensibilityGlobals) = postSolution
		SolutionGuid = {E7807560-E617-4E82-9D59-4A07503CCE95}
	EndGlobalSection
EndGlobal
